// !$*UTF8*$!
{
	archiveVersion = 1;
	classes = {
	};
	objectVersion = 55;
	objects = {

/* Begin PBXBuildFile section */
		9D3759DB2A88424C6721E057 /* Pods_MovieSearch.framework in Frameworks */ = {isa = PBXBuildFile; fileRef = B875C44709ACA9B4D7A1E1E1 /* Pods_MovieSearch.framework */; };
		D16617502910C0000065E2DE /* structs.swift in Sources */ = {isa = PBXBuildFile; fileRef = D166174F2910C0000065E2DE /* structs.swift */; };
		D16617522911A3FA0065E2DE /* SavedDetailViewController.swift in Sources */ = {isa = PBXBuildFile; fileRef = D16617512911A3FA0065E2DE /* SavedDetailViewController.swift */; };
		D1AE3CA7290DDDC500758148 /* AppDelegate.swift in Sources */ = {isa = PBXBuildFile; fileRef = D1AE3CA6290DDDC500758148 /* AppDelegate.swift */; };
		D1AE3CA9290DDDC500758148 /* SceneDelegate.swift in Sources */ = {isa = PBXBuildFile; fileRef = D1AE3CA8290DDDC500758148 /* SceneDelegate.swift */; };
		D1AE3CAB290DDDC500758148 /* ViewController.swift in Sources */ = {isa = PBXBuildFile; fileRef = D1AE3CAA290DDDC500758148 /* ViewController.swift */; };
		D1AE3CAE290DDDC500758148 /* Main.storyboard in Resources */ = {isa = PBXBuildFile; fileRef = D1AE3CAC290DDDC500758148 /* Main.storyboard */; };
		D1AE3CB0290DDDC700758148 /* Assets.xcassets in Resources */ = {isa = PBXBuildFile; fileRef = D1AE3CAF290DDDC700758148 /* Assets.xcassets */; };
		D1AE3CB3290DDDC700758148 /* LaunchScreen.storyboard in Resources */ = {isa = PBXBuildFile; fileRef = D1AE3CB1290DDDC700758148 /* LaunchScreen.storyboard */; };
		D1CCDBBD290DE984003299A9 /* ReadMe.txt in Resources */ = {isa = PBXBuildFile; fileRef = D1CCDBBC290DE984003299A9 /* ReadMe.txt */; };
		D1CCDBBF290DFD29003299A9 /* DetailedViewController.swift in Sources */ = {isa = PBXBuildFile; fileRef = D1CCDBBE290DFD29003299A9 /* DetailedViewController.swift */; };
		D1CCDBC3290E1428003299A9 /* no_image.png in Resources */ = {isa = PBXBuildFile; fileRef = D1CCDBC2290E1428003299A9 /* no_image.png */; };
		D1CCDBC5290EE38E003299A9 /* FavoriteViewController.swift in Sources */ = {isa = PBXBuildFile; fileRef = D1CCDBC4290EE38E003299A9 /* FavoriteViewController.swift */; };
/* End PBXBuildFile section */

/* Begin PBXFileReference section */
		8A7D6BB6B17E562D5058DAA4 /* Pods-MovieSearch.release.xcconfig */ = {isa = PBXFileReference; includeInIndex = 1; lastKnownFileType = text.xcconfig; name = "Pods-MovieSearch.release.xcconfig"; path = "Target Support Files/Pods-MovieSearch/Pods-MovieSearch.release.xcconfig"; sourceTree = "<group>"; };
		B875C44709ACA9B4D7A1E1E1 /* Pods_MovieSearch.framework */ = {isa = PBXFileReference; explicitFileType = wrapper.framework; includeInIndex = 0; path = Pods_MovieSearch.framework; sourceTree = BUILT_PRODUCTS_DIR; };
		C82341EA1513764415C47820 /* Pods-MovieSearch.debug.xcconfig */ = {isa = PBXFileReference; includeInIndex = 1; lastKnownFileType = text.xcconfig; name = "Pods-MovieSearch.debug.xcconfig"; path = "Target Support Files/Pods-MovieSearch/Pods-MovieSearch.debug.xcconfig"; sourceTree = "<group>"; };
		D166174F2910C0000065E2DE /* structs.swift */ = {isa = PBXFileReference; lastKnownFileType = sourcecode.swift; path = structs.swift; sourceTree = "<group>"; };
		D16617512911A3FA0065E2DE /* SavedDetailViewController.swift */ = {isa = PBXFileReference; lastKnownFileType = sourcecode.swift; path = SavedDetailViewController.swift; sourceTree = "<group>"; };
		D1AE3CA3290DDDC500758148 /* MovieSearch.app */ = {isa = PBXFileReference; explicitFileType = wrapper.application; includeInIndex = 0; path = MovieSearch.app; sourceTree = BUILT_PRODUCTS_DIR; };
		D1AE3CA6290DDDC500758148 /* AppDelegate.swift */ = {isa = PBXFileReference; lastKnownFileType = sourcecode.swift; path = AppDelegate.swift; sourceTree = "<group>"; };
		D1AE3CA8290DDDC500758148 /* SceneDelegate.swift */ = {isa = PBXFileReference; lastKnownFileType = sourcecode.swift; path = SceneDelegate.swift; sourceTree = "<group>"; };
		D1AE3CAA290DDDC500758148 /* ViewController.swift */ = {isa = PBXFileReference; lastKnownFileType = sourcecode.swift; path = ViewController.swift; sourceTree = "<group>"; };
		D1AE3CAD290DDDC500758148 /* Base */ = {isa = PBXFileReference; lastKnownFileType = file.storyboard; name = Base; path = Base.lproj/Main.storyboard; sourceTree = "<group>"; };
		D1AE3CAF290DDDC700758148 /* Assets.xcassets */ = {isa = PBXFileReference; lastKnownFileType = folder.assetcatalog; path = Assets.xcassets; sourceTree = "<group>"; };
		D1AE3CB2290DDDC700758148 /* Base */ = {isa = PBXFileReference; lastKnownFileType = file.storyboard; name = Base; path = Base.lproj/LaunchScreen.storyboard; sourceTree = "<group>"; };
		D1AE3CB4290DDDC700758148 /* Info.plist */ = {isa = PBXFileReference; lastKnownFileType = text.plist.xml; path = Info.plist; sourceTree = "<group>"; };
		D1CCDBBC290DE984003299A9 /* ReadMe.txt */ = {isa = PBXFileReference; lastKnownFileType = text; path = ReadMe.txt; sourceTree = "<group>"; };
		D1CCDBBE290DFD29003299A9 /* DetailedViewController.swift */ = {isa = PBXFileReference; lastKnownFileType = sourcecode.swift; path = DetailedViewController.swift; sourceTree = "<group>"; };
		D1CCDBC2290E1428003299A9 /* no_image.png */ = {isa = PBXFileReference; lastKnownFileType = image.png; path = no_image.png; sourceTree = "<group>"; };
		D1CCDBC4290EE38E003299A9 /* FavoriteViewController.swift */ = {isa = PBXFileReference; lastKnownFileType = sourcecode.swift; path = FavoriteViewController.swift; sourceTree = "<group>"; };
/* End PBXFileReference section */

/* Begin PBXFrameworksBuildPhase section */
		D1AE3CA0290DDDC500758148 /* Frameworks */ = {
			isa = PBXFrameworksBuildPhase;
			buildActionMask = 2147483647;
			files = (
				9D3759DB2A88424C6721E057 /* Pods_MovieSearch.framework in Frameworks */,
			);
			runOnlyForDeploymentPostprocessing = 0;
		};
/* End PBXFrameworksBuildPhase section */

/* Begin PBXGroup section */
		45090C6354D4FA6DB18F85D2 /* Pods */ = {
			isa = PBXGroup;
			children = (
				C82341EA1513764415C47820 /* Pods-MovieSearch.debug.xcconfig */,
				8A7D6BB6B17E562D5058DAA4 /* Pods-MovieSearch.release.xcconfig */,
			);
			path = Pods;
			sourceTree = "<group>";
		};
		D1AE3C9A290DDDC500758148 = {
			isa = PBXGroup;
			children = (
				D1AE3CA5290DDDC500758148 /* MovieSearch */,
				D1AE3CA4290DDDC500758148 /* Products */,
				45090C6354D4FA6DB18F85D2 /* Pods */,
				FE7D721B44E43DACB22A145A /* Frameworks */,
			);
			sourceTree = "<group>";
		};
		D1AE3CA4290DDDC500758148 /* Products */ = {
			isa = PBXGroup;
			children = (
				D1AE3CA3290DDDC500758148 /* MovieSearch.app */,
			);
			name = Products;
			sourceTree = "<group>";
		};
		D1AE3CA5290DDDC500758148 /* MovieSearch */ = {
			isa = PBXGroup;
			children = (
				D1AE3CA6290DDDC500758148 /* AppDelegate.swift */,
				D1AE3CA8290DDDC500758148 /* SceneDelegate.swift */,
				D1AE3CAA290DDDC500758148 /* ViewController.swift */,
				D1CCDBBE290DFD29003299A9 /* DetailedViewController.swift */,
				D166174F2910C0000065E2DE /* structs.swift */,
				D1CCDBC4290EE38E003299A9 /* FavoriteViewController.swift */,
				D16617512911A3FA0065E2DE /* SavedDetailViewController.swift */,
				D1AE3CAC290DDDC500758148 /* Main.storyboard */,
				D1AE3CAF290DDDC700758148 /* Assets.xcassets */,
				D1CCDBC2290E1428003299A9 /* no_image.png */,
				D1AE3CB1290DDDC700758148 /* LaunchScreen.storyboard */,
				D1AE3CB4290DDDC700758148 /* Info.plist */,
				D1CCDBBC290DE984003299A9 /* ReadMe.txt */,
			);
			path = MovieSearch;
			sourceTree = "<group>";
		};
		FE7D721B44E43DACB22A145A /* Frameworks */ = {
			isa = PBXGroup;
			children = (
				B875C44709ACA9B4D7A1E1E1 /* Pods_MovieSearch.framework */,
			);
			name = Frameworks;
			sourceTree = "<group>";
		};
/* End PBXGroup section */

/* Begin PBXNativeTarget section */
		D1AE3CA2290DDDC500758148 /* MovieSearch */ = {
			isa = PBXNativeTarget;
			buildConfigurationList = D1AE3CB7290DDDC700758148 /* Build configuration list for PBXNativeTarget "MovieSearch" */;
			buildPhases = (
				1CC67C5ECF527FACBAF07544 /* [CP] Check Pods Manifest.lock */,
				D1AE3C9F290DDDC500758148 /* Sources */,
				D1AE3CA0290DDDC500758148 /* Frameworks */,
				D1AE3CA1290DDDC500758148 /* Resources */,
				553A9FE63FE804443F398033 /* [CP] Embed Pods Frameworks */,
			);
			buildRules = (
			);
			dependencies = (
			);
			name = MovieSearch;
			productName = "YiRyoungKim-Lab4";
			productReference = D1AE3CA3290DDDC500758148 /* MovieSearch.app */;
			productType = "com.apple.product-type.application";
		};
/* End PBXNativeTarget section */

/* Begin PBXProject section */
		D1AE3C9B290DDDC500758148 /* Project object */ = {
			isa = PBXProject;
			attributes = {
				BuildIndependentTargetsInParallel = 1;
				LastSwiftUpdateCheck = 1340;
				LastUpgradeCheck = 1340;
				TargetAttributes = {
					D1AE3CA2290DDDC500758148 = {
						CreatedOnToolsVersion = 13.4.1;
					};
				};
			};
			buildConfigurationList = D1AE3C9E290DDDC500758148 /* Build configuration list for PBXProject "MovieSearch" */;
			compatibilityVersion = "Xcode 13.0";
			developmentRegion = en;
			hasScannedForEncodings = 0;
			knownRegions = (
				en,
				Base,
			);
			mainGroup = D1AE3C9A290DDDC500758148;
			productRefGroup = D1AE3CA4290DDDC500758148 /* Products */;
			projectDirPath = "";
			projectRoot = "";
			targets = (
				D1AE3CA2290DDDC500758148 /* MovieSearch */,
			);
		};
/* End PBXProject section */

/* Begin PBXResourcesBuildPhase section */
		D1AE3CA1290DDDC500758148 /* Resources */ = {
			isa = PBXResourcesBuildPhase;
			buildActionMask = 2147483647;
			files = (
				D1AE3CB3290DDDC700758148 /* LaunchScreen.storyboard in Resources */,
				D1AE3CB0290DDDC700758148 /* Assets.xcassets in Resources */,
				D1CCDBBD290DE984003299A9 /* ReadMe.txt in Resources */,
				D1AE3CAE290DDDC500758148 /* Main.storyboard in Resources */,
				D1CCDBC3290E1428003299A9 /* no_image.png in Resources */,
			);
			runOnlyForDeploymentPostprocessing = 0;
		};
/* End PBXResourcesBuildPhase section */

/* Begin PBXShellScriptBuildPhase section */
		1CC67C5ECF527FACBAF07544 /* [CP] Check Pods Manifest.lock */ = {
			isa = PBXShellScriptBuildPhase;
			buildActionMask = 2147483647;
			files = (
			);
			inputFileListPaths = (
			);
			inputPaths = (
				"${PODS_PODFILE_DIR_PATH}/Podfile.lock",
				"${PODS_ROOT}/Manifest.lock",
			);
			name = "[CP] Check Pods Manifest.lock";
			outputFileListPaths = (
			);
			outputPaths = (
				"$(DERIVED_FILE_DIR)/Pods-MovieSearch-checkManifestLockResult.txt",
			);
			runOnlyForDeploymentPostprocessing = 0;
			shellPath = /bin/sh;
			shellScript = "diff \"${PODS_PODFILE_DIR_PATH}/Podfile.lock\" \"${PODS_ROOT}/Manifest.lock\" > /dev/null\nif [ $? != 0 ] ; then\n    # print error to STDERR\n    echo \"error: The sandbox is not in sync with the Podfile.lock. Run 'pod install' or update your CocoaPods installation.\" >&2\n    exit 1\nfi\n# This output is used by Xcode 'outputs' to avoid re-running this script phase.\necho \"SUCCESS\" > \"${SCRIPT_OUTPUT_FILE_0}\"\n";
			showEnvVarsInLog = 0;
		};
		553A9FE63FE804443F398033 /* [CP] Embed Pods Frameworks */ = {
			isa = PBXShellScriptBuildPhase;
			buildActionMask = 2147483647;
			files = (
			);
			inputFileListPaths = (
				"${PODS_ROOT}/Target Support Files/Pods-MovieSearch/Pods-MovieSearch-frameworks-${CONFIGURATION}-input-files.xcfilelist",
			);
			name = "[CP] Embed Pods Frameworks";
			outputFileListPaths = (
				"${PODS_ROOT}/Target Support Files/Pods-MovieSearch/Pods-MovieSearch-frameworks-${CONFIGURATION}-output-files.xcfilelist",
			);
			runOnlyForDeploymentPostprocessing = 0;
			shellPath = /bin/sh;
			shellScript = "\"${PODS_ROOT}/Target Support Files/Pods-MovieSearch/Pods-MovieSearch-frameworks.sh\"\n";
			showEnvVarsInLog = 0;
		};
/* End PBXShellScriptBuildPhase section */

/* Begin PBXSourcesBuildPhase section */
		D1AE3C9F290DDDC500758148 /* Sources */ = {
			isa = PBXSourcesBuildPhase;
			buildActionMask = 2147483647;
			files = (
				D1AE3CAB290DDDC500758148 /* ViewController.swift in Sources */,
				D16617522911A3FA0065E2DE /* SavedDetailViewController.swift in Sources */,
				D1AE3CA7290DDDC500758148 /* AppDelegate.swift in Sources */,
				D16617502910C0000065E2DE /* structs.swift in Sources */,
				D1CCDBBF290DFD29003299A9 /* DetailedViewController.swift in Sources */,
				D1AE3CA9290DDDC500758148 /* SceneDelegate.swift in Sources */,
				D1CCDBC5290EE38E003299A9 /* FavoriteViewController.swift in Sources */,
			);
			runOnlyForDeploymentPostprocessing = 0;
		};
/* End PBXSourcesBuildPhase section */

/* Begin PBXVariantGroup section */
		D1AE3CAC290DDDC500758148 /* Main.storyboard */ = {
			isa = PBXVariantGroup;
			children = (
				D1AE3CAD290DDDC500758148 /* Base */,
			);
			name = Main.storyboard;
			sourceTree = "<group>";
		};
		D1AE3CB1290DDDC700758148 /* LaunchScreen.storyboard */ = {
			isa = PBXVariantGroup;
			children = (
				D1AE3CB2290DDDC700758148 /* Base */,
			);
			name = LaunchScreen.storyboard;
			sourceTree = "<group>";
		};
/* End PBXVariantGroup section */

/* Begin XCBuildConfiguration section */
		D1AE3CB5290DDDC700758148 /* Debug */ = {
			isa = XCBuildConfiguration;
			buildSettings = {
				ALWAYS_SEARCH_USER_PATHS = NO;
				CLANG_ANALYZER_NONNULL = YES;
				CLANG_ANALYZER_NUMBER_OBJECT_CONVERSION = YES_AGGRESSIVE;
				CLANG_CXX_LANGUAGE_STANDARD = "gnu++17";
				CLANG_ENABLE_MODULES = YES;
				CLANG_ENABLE_OBJC_ARC = YES;
				CLANG_ENABLE_OBJC_WEAK = YES;
				CLANG_WARN_BLOCK_CAPTURE_AUTORELEASING = YES;
				CLANG_WARN_BOOL_CONVERSION = YES;
				CLANG_WARN_COMMA = YES;
				CLANG_WARN_CONSTANT_CONVERSION = YES;
				CLANG_WARN_DEPRECATED_OBJC_IMPLEMENTATIONS = YES;
				CLANG_WARN_DIRECT_OBJC_ISA_USAGE = YES_ERROR;
				CLANG_WARN_DOCUMENTATION_COMMENTS = YES;
				CLANG_WARN_EMPTY_BODY = YES;
				CLANG_WARN_ENUM_CONVERSION = YES;
				CLANG_WARN_INFINITE_RECURSION = YES;
				CLANG_WARN_INT_CONVERSION = YES;
				CLANG_WARN_NON_LITERAL_NULL_CONVERSION = YES;
				CLANG_WARN_OBJC_IMPLICIT_RETAIN_SELF = YES;
				CLANG_WARN_OBJC_LITERAL_CONVERSION = YES;
				CLANG_WARN_OBJC_ROOT_CLASS = YES_ERROR;
				CLANG_WARN_QUOTED_INCLUDE_IN_FRAMEWORK_HEADER = YES;
				CLANG_WARN_RANGE_LOOP_ANALYSIS = YES;
				CLANG_WARN_STRICT_PROTOTYPES = YES;
				CLANG_WARN_SUSPICIOUS_MOVE = YES;
				CLANG_WARN_UNGUARDED_AVAILABILITY = YES_AGGRESSIVE;
				CLANG_WARN_UNREACHABLE_CODE = YES;
				CLANG_WARN__DUPLICATE_METHOD_MATCH = YES;
				COPY_PHASE_STRIP = NO;
				DEBUG_INFORMATION_FORMAT = dwarf;
				ENABLE_STRICT_OBJC_MSGSEND = YES;
				ENABLE_TESTABILITY = YES;
				GCC_C_LANGUAGE_STANDARD = gnu11;
				GCC_DYNAMIC_NO_PIC = NO;
				GCC_NO_COMMON_BLOCKS = YES;
				GCC_OPTIMIZATION_LEVEL = 0;
				GCC_PREPROCESSOR_DEFINITIONS = (
					"DEBUG=1",
					"$(inherited)",
				);
				GCC_WARN_64_TO_32_BIT_CONVERSION = YES;
				GCC_WARN_ABOUT_RETURN_TYPE = YES_ERROR;
				GCC_WARN_UNDECLARED_SELECTOR = YES;
				GCC_WARN_UNINITIALIZED_AUTOS = YES_AGGRESSIVE;
				GCC_WARN_UNUSED_FUNCTION = YES;
				GCC_WARN_UNUSED_VARIABLE = YES;
				IPHONEOS_DEPLOYMENT_TARGET = 15.5;
				MTL_ENABLE_DEBUG_INFO = INCLUDE_SOURCE;
				MTL_FAST_MATH = YES;
				ONLY_ACTIVE_ARCH = YES;
				SDKROOT = iphoneos;
				SWIFT_ACTIVE_COMPILATION_CONDITIONS = DEBUG;
				SWIFT_OPTIMIZATION_LEVEL = "-Onone";
			};
			name = Debug;
		};
		D1AE3CB6290DDDC700758148 /* Release */ = {
			isa = XCBuildConfiguration;
			buildSettings = {
				ALWAYS_SEARCH_USER_PATHS = NO;
				CLANG_ANALYZER_NONNULL = YES;
				CLANG_ANALYZER_NUMBER_OBJECT_CONVERSION = YES_AGGRESSIVE;
				CLANG_CXX_LANGUAGE_STANDARD = "gnu++17";
				CLANG_ENABLE_MODULES = YES;
				CLANG_ENABLE_OBJC_ARC = YES;
				CLANG_ENABLE_OBJC_WEAK = YES;
				CLANG_WARN_BLOCK_CAPTURE_AUTORELEASING = YES;
				CLANG_WARN_BOOL_CONVERSION = YES;
				CLANG_WARN_COMMA = YES;
				CLANG_WARN_CONSTANT_CONVERSION = YES;
				CLANG_WARN_DEPRECATED_OBJC_IMPLEMENTATIONS = YES;
				CLANG_WARN_DIRECT_OBJC_ISA_USAGE = YES_ERROR;
				CLANG_WARN_DOCUMENTATION_COMMENTS = YES;
				CLANG_WARN_EMPTY_BODY = YES;
				CLANG_WARN_ENUM_CONVERSION = YES;
				CLANG_WARN_INFINITE_RECURSION = YES;
				CLANG_WARN_INT_CONVERSION = YES;
				CLANG_WARN_NON_LITERAL_NULL_CONVERSION = YES;
				CLANG_WARN_OBJC_IMPLICIT_RETAIN_SELF = YES;
				CLANG_WARN_OBJC_LITERAL_CONVERSION = YES;
				CLANG_WARN_OBJC_ROOT_CLASS = YES_ERROR;
				CLANG_WARN_QUOTED_INCLUDE_IN_FRAMEWORK_HEADER = YES;
				CLANG_WARN_RANGE_LOOP_ANALYSIS = YES;
				CLANG_WARN_STRICT_PROTOTYPES = YES;
				CLANG_WARN_SUSPICIOUS_MOVE = YES;
				CLANG_WARN_UNGUARDED_AVAILABILITY = YES_AGGRESSIVE;
				CLANG_WARN_UNREACHABLE_CODE = YES;
				CLANG_WARN__DUPLICATE_METHOD_MATCH = YES;
				COPY_PHASE_STRIP = NO;
				DEBUG_INFORMATION_FORMAT = "dwarf-with-dsym";
				ENABLE_NS_ASSERTIONS = NO;
				ENABLE_STRICT_OBJC_MSGSEND = YES;
				GCC_C_LANGUAGE_STANDARD = gnu11;
				GCC_NO_COMMON_BLOCKS = YES;
				GCC_WARN_64_TO_32_BIT_CONVERSION = YES;
				GCC_WARN_ABOUT_RETURN_TYPE = YES_ERROR;
				GCC_WARN_UNDECLARED_SELECTOR = YES;
				GCC_WARN_UNINITIALIZED_AUTOS = YES_AGGRESSIVE;
				GCC_WARN_UNUSED_FUNCTION = YES;
				GCC_WARN_UNUSED_VARIABLE = YES;
				IPHONEOS_DEPLOYMENT_TARGET = 15.5;
				MTL_ENABLE_DEBUG_INFO = NO;
				MTL_FAST_MATH = YES;
				SDKROOT = iphoneos;
				SWIFT_COMPILATION_MODE = wholemodule;
				SWIFT_OPTIMIZATION_LEVEL = "-O";
				VALIDATE_PRODUCT = YES;
			};
			name = Release;
		};
		D1AE3CB8290DDDC700758148 /* Debug */ = {
			isa = XCBuildConfiguration;
			baseConfigurationReference = C82341EA1513764415C47820 /* Pods-MovieSearch.debug.xcconfig */;
			buildSettings = {
				ASSETCATALOG_COMPILER_APPICON_NAME = AppIcon;
				ASSETCATALOG_COMPILER_GLOBAL_ACCENT_COLOR_NAME = AccentColor;
				CODE_SIGN_STYLE = Automatic;
				CURRENT_PROJECT_VERSION = 1;
				GENERATE_INFOPLIST_FILE = YES;
				INFOPLIST_FILE = MovieSearch/Info.plist;
				INFOPLIST_KEY_UIApplicationSupportsIndirectInputEvents = YES;
				INFOPLIST_KEY_UILaunchStoryboardName = LaunchScreen;
				INFOPLIST_KEY_UIMainStoryboardFile = Main;
				INFOPLIST_KEY_UISupportedInterfaceOrientations_iPad = "UIInterfaceOrientationPortrait UIInterfaceOrientationPortraitUpsideDown UIInterfaceOrientationLandscapeLeft UIInterfaceOrientationLandscapeRight";
				INFOPLIST_KEY_UISupportedInterfaceOrientations_iPhone = "UIInterfaceOrientationPortrait UIInterfaceOrientationLandscapeLeft UIInterfaceOrientationLandscapeRight";
				LD_RUNPATH_SEARCH_PATHS = (
					"$(inherited)",
					"@executable_path/Frameworks",
				);
				MARKETING_VERSION = 1.0;
				PRODUCT_BUNDLE_IDENTIFIER = com.radiantapps.MovieSearch;
				PRODUCT_NAME = "$(TARGET_NAME)";
				SWIFT_EMIT_LOC_STRINGS = YES;
				SWIFT_VERSION = 5.0;
				TARGETED_DEVICE_FAMILY = "1,2";
			};
			name = Debug;
		};
		D1AE3CB9290DDDC700758148 /* Release */ = {
			isa = XCBuildConfiguration;
			baseConfigurationReference = 8A7D6BB6B17E562D5058DAA4 /* Pods-MovieSearch.release.xcconfig */;
			buildSettings = {
				ASSETCATALOG_COMPILER_APPICON_NAME = AppIcon;
				ASSETCATALOG_COMPILER_GLOBAL_ACCENT_COLOR_NAME = AccentColor;
				CODE_SIGN_STYLE = Automatic;
				CURRENT_PROJECT_VERSION = 1;
				GENERATE_INFOPLIST_FILE = YES;
				INFOPLIST_FILE = MovieSearch/Info.plist;
				INFOPLIST_KEY_UIApplicationSupportsIndirectInputEvents = YES;
				INFOPLIST_KEY_UILaunchStoryboardName = LaunchScreen;
				INFOPLIST_KEY_UIMainStoryboardFile = Main;
				INFOPLIST_KEY_UISupportedInterfaceOrientations_iPad = "UIInterfaceOrientationPortrait UIInterfaceOrientationPortraitUpsideDown UIInterfaceOrientationLandscapeLeft UIInterfaceOrientationLandscapeRight";
				INFOPLIST_KEY_UISupportedInterfaceOrientations_iPhone = "UIInterfaceOrientationPortrait UIInterfaceOrientationLandscapeLeft UIInterfaceOrientationLandscapeRight";
				LD_RUNPATH_SEARCH_PATHS = (
					"$(inherited)",
					"@executable_path/Frameworks",
				);
				MARKETING_VERSION = 1.0;
				PRODUCT_BUNDLE_IDENTIFIER = com.radiantapps.MovieSearch;
				PRODUCT_NAME = "$(TARGET_NAME)";
				SWIFT_EMIT_LOC_STRINGS = YES;
				SWIFT_VERSION = 5.0;
				TARGETED_DEVICE_FAMILY = "1,2";
			};
			name = Release;
		};
/* End XCBuildConfiguration section */

/* Begin XCConfigurationList section */
		D1AE3C9E290DDDC500758148 /* Build configuration list for PBXProject "MovieSearch" */ = {
			isa = XCConfigurationList;
			buildConfigurations = (
				D1AE3CB5290DDDC700758148 /* Debug */,
				D1AE3CB6290DDDC700758148 /* Release */,
			);
			defaultConfigurationIsVisible = 0;
			defaultConfigurationName = Release;
		};
		D1AE3CB7290DDDC700758148 /* Build configuration list for PBXNativeTarget "MovieSearch" */ = {
			isa = XCConfigurationList;
			buildConfigurations = (
				D1AE3CB8290DDDC700758148 /* Debug */,
				D1AE3CB9290DDDC700758148 /* Release */,
			);
			defaultConfigurationIsVisible = 0;
			defaultConfigurationName = Release;
		};
/* End XCConfigurationList section */
	};
	rootObject = D1AE3C9B290DDDC500758148 /* Project object */;
}
